// !$*UTF8*$!
{
	archiveVersion = 1;
	classes = {
	};
	objectVersion = 46;
	objects = {

/* Begin PBXBuildFile section */
		9F0020BA1AA6BFD60018592C /* VideoMerger.m in Sources */ = {isa = PBXBuildFile; fileRef = 9F0020B91AA6BFD60018592C /* VideoMerger.m */; };
		9F46489B1AA5179900F305AA /* SceneCollectionResuableView.m in Sources */ = {isa = PBXBuildFile; fileRef = 9F46489A1AA5179900F305AA /* SceneCollectionResuableView.m */; };
		9F8B657B1AA3CB780062A3F1 /* arrow506.png in Resources */ = {isa = PBXBuildFile; fileRef = 9F8B657A1AA3CB780062A3F1 /* arrow506.png */; };
		9F8B657D1AA3CB820062A3F1 /* arrow191.png in Resources */ = {isa = PBXBuildFile; fileRef = 9F8B657C1AA3CB820062A3F1 /* arrow191.png */; };
		9F8B657F1AA3CB950062A3F1 /* left37 copy.png in Resources */ = {isa = PBXBuildFile; fileRef = 9F8B657E1AA3CB950062A3F1 /* left37 copy.png */; };
		9F8B65811AA3CBAA0062A3F1 /* left37.png in Resources */ = {isa = PBXBuildFile; fileRef = 9F8B65801AA3CBAA0062A3F1 /* left37.png */; };
		9F8B65831AA3CBF30062A3F1 /* play43.png in Resources */ = {isa = PBXBuildFile; fileRef = 9F8B65821AA3CBF30062A3F1 /* play43.png */; };
		9F8B65851AA3CBFF0062A3F1 /* 1420512718_audio-video-outline-stop-128.png in Resources */ = {isa = PBXBuildFile; fileRef = 9F8B65841AA3CBFF0062A3F1 /* 1420512718_audio-video-outline-stop-128.png */; };
		9F8B65871AA3CC060062A3F1 /* 1420512706_audio-video-outline-play-128.png in Resources */ = {isa = PBXBuildFile; fileRef = 9F8B65861AA3CC060062A3F1 /* 1420512706_audio-video-outline-play-128.png */; };
		9F8B65891AA3CC180062A3F1 /* list31.png in Resources */ = {isa = PBXBuildFile; fileRef = 9F8B65881AA3CC180062A3F1 /* list31.png */; };
		9FA5D8681AABB90C00318DF8 /* icon_video@2x.png in Resources */ = {isa = PBXBuildFile; fileRef = 9FA5D8671AABB90C00318DF8 /* icon_video@2x.png */; };
		9FA5D86A1AABB91800318DF8 /* icon_video.png in Resources */ = {isa = PBXBuildFile; fileRef = 9FA5D8691AABB91800318DF8 /* icon_video.png */; };
		9FA5D86C1AABB94400318DF8 /* movie-noPlay-blank.png in Resources */ = {isa = PBXBuildFile; fileRef = 9FA5D86B1AABB94400318DF8 /* movie-noPlay-blank.png */; };
		9FA5D86E1AABB95100318DF8 /* vid.png in Resources */ = {isa = PBXBuildFile; fileRef = 9FA5D86D1AABB95100318DF8 /* vid.png */; };
		9FAFA7421A98884A00F7396B /* main.m in Sources */ = {isa = PBXBuildFile; fileRef = 9FAFA7411A98884A00F7396B /* main.m */; };
		9FAFA7451A98884A00F7396B /* AppDelegate.m in Sources */ = {isa = PBXBuildFile; fileRef = 9FAFA7441A98884A00F7396B /* AppDelegate.m */; };
		9FAFA74E1A98884A00F7396B /* Main.storyboard in Resources */ = {isa = PBXBuildFile; fileRef = 9FAFA74C1A98884A00F7396B /* Main.storyboard */; };
		9FAFA7501A98884A00F7396B /* Images.xcassets in Resources */ = {isa = PBXBuildFile; fileRef = 9FAFA74F1A98884A00F7396B /* Images.xcassets */; };
		9FAFA7531A98884A00F7396B /* LaunchScreen.xib in Resources */ = {isa = PBXBuildFile; fileRef = 9FAFA7511A98884A00F7396B /* LaunchScreen.xib */; };
		9FAFA75F1A98884A00F7396B /* movieConcatenatorTests.m in Sources */ = {isa = PBXBuildFile; fileRef = 9FAFA75E1A98884A00F7396B /* movieConcatenatorTests.m */; };
		9FAFA76E1A997DEB00F7396B /* AssetsLibrary.framework in Frameworks */ = {isa = PBXBuildFile; fileRef = 9FAFA7681A997DEB00F7396B /* AssetsLibrary.framework */; };
		9FAFA76F1A997DEB00F7396B /* AVFoundation.framework in Frameworks */ = {isa = PBXBuildFile; fileRef = 9FAFA7691A997DEB00F7396B /* AVFoundation.framework */; };
		9FAFA7701A997DEB00F7396B /* CoreMedia.framework in Frameworks */ = {isa = PBXBuildFile; fileRef = 9FAFA76A1A997DEB00F7396B /* CoreMedia.framework */; };
		9FAFA7711A997DEB00F7396B /* MediaPlayer.framework in Frameworks */ = {isa = PBXBuildFile; fileRef = 9FAFA76B1A997DEB00F7396B /* MediaPlayer.framework */; };
		9FAFA7721A997DEB00F7396B /* MobileCoreServices.framework in Frameworks */ = {isa = PBXBuildFile; fileRef = 9FAFA76C1A997DEB00F7396B /* MobileCoreServices.framework */; };
		9FAFA7731A997DEB00F7396B /* QuartzCore.framework in Frameworks */ = {isa = PBXBuildFile; fileRef = 9FAFA76D1A997DEB00F7396B /* QuartzCore.framework */; };
		9FAFA7761A99844C00F7396B /* PlayVideoViewController.m in Sources */ = {isa = PBXBuildFile; fileRef = 9FAFA7751A99844C00F7396B /* PlayVideoViewController.m */; };
		9FAFA7791A99845A00F7396B /* RecordVideoViewController.m in Sources */ = {isa = PBXBuildFile; fileRef = 9FAFA7781A99845A00F7396B /* RecordVideoViewController.m */; };
		9FAFA77C1A99846400F7396B /* MergeVideoViewController.m in Sources */ = {isa = PBXBuildFile; fileRef = 9FAFA77B1A99846400F7396B /* MergeVideoViewController.m */; };
		9FAFA77F1A9C170A00F7396B /* Take.m in Sources */ = {isa = PBXBuildFile; fileRef = 9FAFA77E1A9C170A00F7396B /* Take.m */; };
		9FAFA7821A9D2BC700F7396B /* VideoController.m in Sources */ = {isa = PBXBuildFile; fileRef = 9FAFA7811A9D2BC700F7396B /* VideoController.m */; };
		9FAFA7891A9EA60000F7396B /* RootViewController.m in Sources */ = {isa = PBXBuildFile; fileRef = 9FAFA7881A9EA60000F7396B /* RootViewController.m */; };
		9FAFA78C1A9EB5FD00F7396B /* Scene.m in Sources */ = {isa = PBXBuildFile; fileRef = 9FAFA78B1A9EB5FD00F7396B /* Scene.m */; };
		9FAFA7901A9EBBB300F7396B /* VideoLibrary.m in Sources */ = {isa = PBXBuildFile; fileRef = 9FAFA78F1A9EBBB300F7396B /* VideoLibrary.m */; };
		9FAFA7961A9FB45900F7396B /* TakeCell.m in Sources */ = {isa = PBXBuildFile; fileRef = 9FAFA7951A9FB45900F7396B /* TakeCell.m */; };
		9FAFA7981A9FBF5F00F7396B /* movie-1.png in Resources */ = {isa = PBXBuildFile; fileRef = 9FAFA7971A9FBF5F00F7396B /* movie-1.png */; };
		9FD14DC81AA55D1000D09051 /* Browser-ErrorLoading.png in Resources */ = {isa = PBXBuildFile; fileRef = 9FD14DC71AA55D1000D09051 /* Browser-ErrorLoading.png */; };
/* End PBXBuildFile section */

/* Begin PBXContainerItemProxy section */
		9FAFA7591A98884A00F7396B /* PBXContainerItemProxy */ = {
			isa = PBXContainerItemProxy;
			containerPortal = 9FAFA7341A98884A00F7396B /* Project object */;
			proxyType = 1;
			remoteGlobalIDString = 9FAFA73B1A98884A00F7396B;
			remoteInfo = movieConcatenator;
		};
/* End PBXContainerItemProxy section */

/* Begin PBXFileReference section */
		9F0020B81AA6BFD60018592C /* VideoMerger.h */ = {isa = PBXFileReference; fileEncoding = 4; lastKnownFileType = sourcecode.c.h; path = VideoMerger.h; sourceTree = "<group>"; };
		9F0020B91AA6BFD60018592C /* VideoMerger.m */ = {isa = PBXFileReference; fileEncoding = 4; lastKnownFileType = sourcecode.c.objc; path = VideoMerger.m; sourceTree = "<group>"; };
		9F4648991AA5179900F305AA /* SceneCollectionResuableView.h */ = {isa = PBXFileReference; fileEncoding = 4; lastKnownFileType = sourcecode.c.h; path = SceneCollectionResuableView.h; sourceTree = "<group>"; };
		9F46489A1AA5179900F305AA /* SceneCollectionResuableView.m */ = {isa = PBXFileReference; fileEncoding = 4; lastKnownFileType = sourcecode.c.objc; path = SceneCollectionResuableView.m; sourceTree = "<group>"; };
		9F8B657A1AA3CB780062A3F1 /* arrow506.png */ = {isa = PBXFileReference; lastKnownFileType = image.png; path = arrow506.png; sourceTree = "<group>"; };
		9F8B657C1AA3CB820062A3F1 /* arrow191.png */ = {isa = PBXFileReference; lastKnownFileType = image.png; path = arrow191.png; sourceTree = "<group>"; };
		9F8B657E1AA3CB950062A3F1 /* left37 copy.png */ = {isa = PBXFileReference; lastKnownFileType = image.png; path = "left37 copy.png"; sourceTree = "<group>"; };
		9F8B65801AA3CBAA0062A3F1 /* left37.png */ = {isa = PBXFileReference; lastKnownFileType = image.png; path = left37.png; sourceTree = "<group>"; };
		9F8B65821AA3CBF30062A3F1 /* play43.png */ = {isa = PBXFileReference; lastKnownFileType = image.png; path = play43.png; sourceTree = "<group>"; };
		9F8B65841AA3CBFF0062A3F1 /* 1420512718_audio-video-outline-stop-128.png */ = {isa = PBXFileReference; lastKnownFileType = image.png; path = "1420512718_audio-video-outline-stop-128.png"; sourceTree = "<group>"; };
		9F8B65861AA3CC060062A3F1 /* 1420512706_audio-video-outline-play-128.png */ = {isa = PBXFileReference; lastKnownFileType = image.png; path = "1420512706_audio-video-outline-play-128.png"; sourceTree = "<group>"; };
		9F8B65881AA3CC180062A3F1 /* list31.png */ = {isa = PBXFileReference; lastKnownFileType = image.png; path = list31.png; sourceTree = "<group>"; };
		9F8B658A1AA3F0E20062A3F1 /* Sydney-iPhone.m4v */ = {isa = PBXFileReference; lastKnownFileType = file; path = "Sydney-iPhone.m4v"; sourceTree = "<group>"; };
		9FA5D8671AABB90C00318DF8 /* icon_video@2x.png */ = {isa = PBXFileReference; lastKnownFileType = image.png; path = "icon_video@2x.png"; sourceTree = "<group>"; };
		9FA5D8691AABB91800318DF8 /* icon_video.png */ = {isa = PBXFileReference; lastKnownFileType = image.png; path = icon_video.png; sourceTree = "<group>"; };
		9FA5D86B1AABB94400318DF8 /* movie-noPlay-blank.png */ = {isa = PBXFileReference; lastKnownFileType = image.png; path = "movie-noPlay-blank.png"; sourceTree = "<group>"; };
		9FA5D86D1AABB95100318DF8 /* vid.png */ = {isa = PBXFileReference; lastKnownFileType = image.png; path = vid.png; sourceTree = "<group>"; };
		9FAFA73C1A98884A00F7396B /* movieConcatenator.app */ = {isa = PBXFileReference; explicitFileType = wrapper.application; includeInIndex = 0; path = movieConcatenator.app; sourceTree = BUILT_PRODUCTS_DIR; };
		9FAFA7401A98884A00F7396B /* Info.plist */ = {isa = PBXFileReference; lastKnownFileType = text.plist.xml; path = Info.plist; sourceTree = "<group>"; };
		9FAFA7411A98884A00F7396B /* main.m */ = {isa = PBXFileReference; lastKnownFileType = sourcecode.c.objc; path = main.m; sourceTree = "<group>"; };
		9FAFA7431A98884A00F7396B /* AppDelegate.h */ = {isa = PBXFileReference; lastKnownFileType = sourcecode.c.h; path = AppDelegate.h; sourceTree = "<group>"; };
		9FAFA7441A98884A00F7396B /* AppDelegate.m */ = {isa = PBXFileReference; lastKnownFileType = sourcecode.c.objc; path = AppDelegate.m; sourceTree = "<group>"; };
		9FAFA74D1A98884A00F7396B /* Base */ = {isa = PBXFileReference; lastKnownFileType = file.storyboard; name = Base; path = Base.lproj/Main.storyboard; sourceTree = "<group>"; };
		9FAFA74F1A98884A00F7396B /* Images.xcassets */ = {isa = PBXFileReference; lastKnownFileType = folder.assetcatalog; path = Images.xcassets; sourceTree = "<group>"; };
		9FAFA7521A98884A00F7396B /* Base */ = {isa = PBXFileReference; lastKnownFileType = file.xib; name = Base; path = Base.lproj/LaunchScreen.xib; sourceTree = "<group>"; };
		9FAFA7581A98884A00F7396B /* movieConcatenatorTests.xctest */ = {isa = PBXFileReference; explicitFileType = wrapper.cfbundle; includeInIndex = 0; path = movieConcatenatorTests.xctest; sourceTree = BUILT_PRODUCTS_DIR; };
		9FAFA75D1A98884A00F7396B /* Info.plist */ = {isa = PBXFileReference; lastKnownFileType = text.plist.xml; path = Info.plist; sourceTree = "<group>"; };
		9FAFA75E1A98884A00F7396B /* movieConcatenatorTests.m */ = {isa = PBXFileReference; lastKnownFileType = sourcecode.c.objc; path = movieConcatenatorTests.m; sourceTree = "<group>"; };
		9FAFA7681A997DEB00F7396B /* AssetsLibrary.framework */ = {isa = PBXFileReference; lastKnownFileType = wrapper.framework; name = AssetsLibrary.framework; path = System/Library/Frameworks/AssetsLibrary.framework; sourceTree = SDKROOT; };
		9FAFA7691A997DEB00F7396B /* AVFoundation.framework */ = {isa = PBXFileReference; lastKnownFileType = wrapper.framework; name = AVFoundation.framework; path = System/Library/Frameworks/AVFoundation.framework; sourceTree = SDKROOT; };
		9FAFA76A1A997DEB00F7396B /* CoreMedia.framework */ = {isa = PBXFileReference; lastKnownFileType = wrapper.framework; name = CoreMedia.framework; path = System/Library/Frameworks/CoreMedia.framework; sourceTree = SDKROOT; };
		9FAFA76B1A997DEB00F7396B /* MediaPlayer.framework */ = {isa = PBXFileReference; lastKnownFileType = wrapper.framework; name = MediaPlayer.framework; path = System/Library/Frameworks/MediaPlayer.framework; sourceTree = SDKROOT; };
		9FAFA76C1A997DEB00F7396B /* MobileCoreServices.framework */ = {isa = PBXFileReference; lastKnownFileType = wrapper.framework; name = MobileCoreServices.framework; path = System/Library/Frameworks/MobileCoreServices.framework; sourceTree = SDKROOT; };
		9FAFA76D1A997DEB00F7396B /* QuartzCore.framework */ = {isa = PBXFileReference; lastKnownFileType = wrapper.framework; name = QuartzCore.framework; path = System/Library/Frameworks/QuartzCore.framework; sourceTree = SDKROOT; };
		9FAFA7741A99844C00F7396B /* PlayVideoViewController.h */ = {isa = PBXFileReference; fileEncoding = 4; lastKnownFileType = sourcecode.c.h; path = PlayVideoViewController.h; sourceTree = "<group>"; };
		9FAFA7751A99844C00F7396B /* PlayVideoViewController.m */ = {isa = PBXFileReference; fileEncoding = 4; lastKnownFileType = sourcecode.c.objc; path = PlayVideoViewController.m; sourceTree = "<group>"; };
		9FAFA7771A99845A00F7396B /* RecordVideoViewController.h */ = {isa = PBXFileReference; fileEncoding = 4; lastKnownFileType = sourcecode.c.h; path = RecordVideoViewController.h; sourceTree = "<group>"; };
		9FAFA7781A99845A00F7396B /* RecordVideoViewController.m */ = {isa = PBXFileReference; fileEncoding = 4; lastKnownFileType = sourcecode.c.objc; path = RecordVideoViewController.m; sourceTree = "<group>"; };
		9FAFA77A1A99846400F7396B /* MergeVideoViewController.h */ = {isa = PBXFileReference; fileEncoding = 4; lastKnownFileType = sourcecode.c.h; path = MergeVideoViewController.h; sourceTree = "<group>"; };
		9FAFA77B1A99846400F7396B /* MergeVideoViewController.m */ = {isa = PBXFileReference; fileEncoding = 4; lastKnownFileType = sourcecode.c.objc; path = MergeVideoViewController.m; sourceTree = "<group>"; };
		9FAFA77D1A9C170A00F7396B /* Take.h */ = {isa = PBXFileReference; fileEncoding = 4; lastKnownFileType = sourcecode.c.h; path = Take.h; sourceTree = "<group>"; };
		9FAFA77E1A9C170A00F7396B /* Take.m */ = {isa = PBXFileReference; fileEncoding = 4; lastKnownFileType = sourcecode.c.objc; path = Take.m; sourceTree = "<group>"; };
		9FAFA7801A9D2BC700F7396B /* VideoController.h */ = {isa = PBXFileReference; fileEncoding = 4; lastKnownFileType = sourcecode.c.h; path = VideoController.h; sourceTree = "<group>"; };
		9FAFA7811A9D2BC700F7396B /* VideoController.m */ = {isa = PBXFileReference; fileEncoding = 4; lastKnownFileType = sourcecode.c.objc; path = VideoController.m; sourceTree = "<group>"; };
		9FAFA7871A9EA60000F7396B /* RootViewController.h */ = {isa = PBXFileReference; fileEncoding = 4; lastKnownFileType = sourcecode.c.h; path = RootViewController.h; sourceTree = "<group>"; };
		9FAFA7881A9EA60000F7396B /* RootViewController.m */ = {isa = PBXFileReference; fileEncoding = 4; lastKnownFileType = sourcecode.c.objc; path = RootViewController.m; sourceTree = "<group>"; };
		9FAFA78A1A9EB5FD00F7396B /* Scene.h */ = {isa = PBXFileReference; fileEncoding = 4; lastKnownFileType = sourcecode.c.h; path = Scene.h; sourceTree = "<group>"; };
		9FAFA78B1A9EB5FD00F7396B /* Scene.m */ = {isa = PBXFileReference; fileEncoding = 4; lastKnownFileType = sourcecode.c.objc; path = Scene.m; sourceTree = "<group>"; };
		9FAFA78E1A9EBBB300F7396B /* VideoLibrary.h */ = {isa = PBXFileReference; fileEncoding = 4; lastKnownFileType = sourcecode.c.h; path = VideoLibrary.h; sourceTree = "<group>"; };
		9FAFA78F1A9EBBB300F7396B /* VideoLibrary.m */ = {isa = PBXFileReference; fileEncoding = 4; lastKnownFileType = sourcecode.c.objc; path = VideoLibrary.m; sourceTree = "<group>"; };
		9FAFA7941A9FB45900F7396B /* TakeCell.h */ = {isa = PBXFileReference; fileEncoding = 4; lastKnownFileType = sourcecode.c.h; path = TakeCell.h; sourceTree = "<group>"; };
		9FAFA7951A9FB45900F7396B /* TakeCell.m */ = {isa = PBXFileReference; fileEncoding = 4; lastKnownFileType = sourcecode.c.objc; path = TakeCell.m; sourceTree = "<group>"; };
		9FAFA7971A9FBF5F00F7396B /* movie-1.png */ = {isa = PBXFileReference; lastKnownFileType = image.png; path = "movie-1.png"; sourceTree = "<group>"; };
		9FD14DC71AA55D1000D09051 /* Browser-ErrorLoading.png */ = {isa = PBXFileReference; lastKnownFileType = image.png; path = "Browser-ErrorLoading.png"; sourceTree = "<group>"; };
/* End PBXFileReference section */

/* Begin PBXFrameworksBuildPhase section */
		9FAFA7391A98884A00F7396B /* Frameworks */ = {
			isa = PBXFrameworksBuildPhase;
			buildActionMask = 2147483647;
			files = (
				9FAFA76E1A997DEB00F7396B /* AssetsLibrary.framework in Frameworks */,
				9FAFA76F1A997DEB00F7396B /* AVFoundation.framework in Frameworks */,
				9FAFA7701A997DEB00F7396B /* CoreMedia.framework in Frameworks */,
				9FAFA7711A997DEB00F7396B /* MediaPlayer.framework in Frameworks */,
				9FAFA7721A997DEB00F7396B /* MobileCoreServices.framework in Frameworks */,
				9FAFA7731A997DEB00F7396B /* QuartzCore.framework in Frameworks */,
			);
			runOnlyForDeploymentPostprocessing = 0;
		};
		9FAFA7551A98884A00F7396B /* Frameworks */ = {
			isa = PBXFrameworksBuildPhase;
			buildActionMask = 2147483647;
			files = (
			);
			runOnlyForDeploymentPostprocessing = 0;
		};
/* End PBXFrameworksBuildPhase section */

/* Begin PBXGroup section */
		9FAFA7331A98884A00F7396B = {
			isa = PBXGroup;
			children = (
				9FAFA74C1A98884A00F7396B /* Main.storyboard */,
				9FAFA7681A997DEB00F7396B /* AssetsLibrary.framework */,
				9FAFA7691A997DEB00F7396B /* AVFoundation.framework */,
				9FAFA76A1A997DEB00F7396B /* CoreMedia.framework */,
				9FAFA76B1A997DEB00F7396B /* MediaPlayer.framework */,
				9FAFA76C1A997DEB00F7396B /* MobileCoreServices.framework */,
				9FAFA76D1A997DEB00F7396B /* QuartzCore.framework */,
				9FAFA73E1A98884A00F7396B /* movieConcatenator */,
				9FAFA75B1A98884A00F7396B /* movieConcatenatorTests */,
				9FAFA73D1A98884A00F7396B /* Products */,
			);
			sourceTree = "<group>";
		};
		9FAFA73D1A98884A00F7396B /* Products */ = {
			isa = PBXGroup;
			children = (
				9FAFA73C1A98884A00F7396B /* movieConcatenator.app */,
				9FAFA7581A98884A00F7396B /* movieConcatenatorTests.xctest */,
			);
			name = Products;
			sourceTree = "<group>";
		};
		9FAFA73E1A98884A00F7396B /* movieConcatenator */ = {
			isa = PBXGroup;
			children = (
				9FAFA7431A98884A00F7396B /* AppDelegate.h */,
				9FAFA7441A98884A00F7396B /* AppDelegate.m */,
				9FAFA7741A99844C00F7396B /* PlayVideoViewController.h */,
				9FAFA7751A99844C00F7396B /* PlayVideoViewController.m */,
				9FAFA7771A99845A00F7396B /* RecordVideoViewController.h */,
				9FAFA7781A99845A00F7396B /* RecordVideoViewController.m */,
				9FAFA77A1A99846400F7396B /* MergeVideoViewController.h */,
				9FAFA77B1A99846400F7396B /* MergeVideoViewController.m */,
				9FAFA78D1A9EB71200F7396B /* Model */,
				9FAFA7831A9EA5B200F7396B /* View Controllers */,
				9F8B657A1AA3CB780062A3F1 /* arrow506.png */,
				9FA5D86D1AABB95100318DF8 /* vid.png */,
				9F8B657E1AA3CB950062A3F1 /* left37 copy.png */,
				9F8B65881AA3CC180062A3F1 /* list31.png */,
				9F8B65841AA3CBFF0062A3F1 /* 1420512718_audio-video-outline-stop-128.png */,
				9FD14DC71AA55D1000D09051 /* Browser-ErrorLoading.png */,
				9FA5D8691AABB91800318DF8 /* icon_video.png */,
				9FA5D86B1AABB94400318DF8 /* movie-noPlay-blank.png */,
				9F8B658A1AA3F0E20062A3F1 /* Sydney-iPhone.m4v */,
				9F8B65821AA3CBF30062A3F1 /* play43.png */,
				9F8B657C1AA3CB820062A3F1 /* arrow191.png */,
				9FA5D8671AABB90C00318DF8 /* icon_video@2x.png */,
				9FAFA7971A9FBF5F00F7396B /* movie-1.png */,
				9F8B65801AA3CBAA0062A3F1 /* left37.png */,
				9F8B65861AA3CC060062A3F1 /* 1420512706_audio-video-outline-play-128.png */,
				9FAFA74F1A98884A00F7396B /* Images.xcassets */,
				9FAFA7511A98884A00F7396B /* LaunchScreen.xib */,
				9FAFA73F1A98884A00F7396B /* Supporting Files */,
			);
			path = movieConcatenator;
			sourceTree = "<group>";
		};
		9FAFA73F1A98884A00F7396B /* Supporting Files */ = {
			isa = PBXGroup;
			children = (
				9FAFA7401A98884A00F7396B /* Info.plist */,
				9FAFA7411A98884A00F7396B /* main.m */,
			);
			name = "Supporting Files";
			sourceTree = "<group>";
		};
		9FAFA75B1A98884A00F7396B /* movieConcatenatorTests */ = {
			isa = PBXGroup;
			children = (
				9FAFA75E1A98884A00F7396B /* movieConcatenatorTests.m */,
				9FAFA75C1A98884A00F7396B /* Supporting Files */,
			);
			path = movieConcatenatorTests;
			sourceTree = "<group>";
		};
		9FAFA75C1A98884A00F7396B /* Supporting Files */ = {
			isa = PBXGroup;
			children = (
				9FAFA75D1A98884A00F7396B /* Info.plist */,
			);
			name = "Supporting Files";
			sourceTree = "<group>";
		};
		9FAFA7831A9EA5B200F7396B /* View Controllers */ = {
			isa = PBXGroup;
			children = (
				9F46489A1AA5179900F305AA /* SceneCollectionResuableView.m */,
				9F4648991AA5179900F305AA /* SceneCollectionResuableView.h */,
				9FAFA7871A9EA60000F7396B /* RootViewController.h */,
				9FAFA7881A9EA60000F7396B /* RootViewController.m */,
				9FAFA7941A9FB45900F7396B /* TakeCell.h */,
				9FAFA7951A9FB45900F7396B /* TakeCell.m */,
			);
			name = "View Controllers";
			sourceTree = "<group>";
		};
		9FAFA78D1A9EB71200F7396B /* Model */ = {
			isa = PBXGroup;
			children = (
				9FAFA77D1A9C170A00F7396B /* Take.h */,
				9FAFA77E1A9C170A00F7396B /* Take.m */,
				9FAFA78A1A9EB5FD00F7396B /* Scene.h */,
				9FAFA78B1A9EB5FD00F7396B /* Scene.m */,
				9FAFA7801A9D2BC700F7396B /* VideoController.h */,
				9FAFA7811A9D2BC700F7396B /* VideoController.m */,
				9F0020B81AA6BFD60018592C /* VideoMerger.h */,
				9F0020B91AA6BFD60018592C /* VideoMerger.m */,
				9FAFA78E1A9EBBB300F7396B /* VideoLibrary.h */,
				9FAFA78F1A9EBBB300F7396B /* VideoLibrary.m */,
			);
			name = Model;
			sourceTree = "<group>";
		};
/* End PBXGroup section */

/* Begin PBXNativeTarget section */
		9FAFA73B1A98884A00F7396B /* movieConcatenator */ = {
			isa = PBXNativeTarget;
			buildConfigurationList = 9FAFA7621A98884A00F7396B /* Build configuration list for PBXNativeTarget "movieConcatenator" */;
			buildPhases = (
				9FAFA7381A98884A00F7396B /* Sources */,
				9FAFA7391A98884A00F7396B /* Frameworks */,
				9FAFA73A1A98884A00F7396B /* Resources */,
			);
			buildRules = (
			);
			dependencies = (
			);
			name = movieConcatenator;
			productName = movieConcatenator;
			productReference = 9FAFA73C1A98884A00F7396B /* movieConcatenator.app */;
			productType = "com.apple.product-type.application";
		};
		9FAFA7571A98884A00F7396B /* movieConcatenatorTests */ = {
			isa = PBXNativeTarget;
			buildConfigurationList = 9FAFA7651A98884A00F7396B /* Build configuration list for PBXNativeTarget "movieConcatenatorTests" */;
			buildPhases = (
				9FAFA7541A98884A00F7396B /* Sources */,
				9FAFA7551A98884A00F7396B /* Frameworks */,
				9FAFA7561A98884A00F7396B /* Resources */,
			);
			buildRules = (
			);
			dependencies = (
				9FAFA75A1A98884A00F7396B /* PBXTargetDependency */,
			);
			name = movieConcatenatorTests;
			productName = movieConcatenatorTests;
			productReference = 9FAFA7581A98884A00F7396B /* movieConcatenatorTests.xctest */;
			productType = "com.apple.product-type.bundle.unit-test";
		};
/* End PBXNativeTarget section */

/* Begin PBXProject section */
		9FAFA7341A98884A00F7396B /* Project object */ = {
			isa = PBXProject;
			attributes = {
				LastUpgradeCheck = 0610;
				ORGANIZATIONNAME = "Veronica Baldys";
				TargetAttributes = {
					9FAFA73B1A98884A00F7396B = {
						CreatedOnToolsVersion = 6.1.1;
						DevelopmentTeam = 2F6S9QR5HR;
					};
					9FAFA7571A98884A00F7396B = {
						CreatedOnToolsVersion = 6.1.1;
						TestTargetID = 9FAFA73B1A98884A00F7396B;
					};
				};
			};
			buildConfigurationList = 9FAFA7371A98884A00F7396B /* Build configuration list for PBXProject "movieConcatenator" */;
			compatibilityVersion = "Xcode 3.2";
			developmentRegion = English;
			hasScannedForEncodings = 0;
			knownRegions = (
				en,
				Base,
			);
			mainGroup = 9FAFA7331A98884A00F7396B;
			productRefGroup = 9FAFA73D1A98884A00F7396B /* Products */;
			projectDirPath = "";
			projectRoot = "";
			targets = (
				9FAFA73B1A98884A00F7396B /* movieConcatenator */,
				9FAFA7571A98884A00F7396B /* movieConcatenatorTests */,
			);
		};
/* End PBXProject section */

/* Begin PBXResourcesBuildPhase section */
		9FAFA73A1A98884A00F7396B /* Resources */ = {
			isa = PBXResourcesBuildPhase;
			buildActionMask = 2147483647;
			files = (
				9F8B657F1AA3CB950062A3F1 /* left37 copy.png in Resources */,
				9F8B65831AA3CBF30062A3F1 /* play43.png in Resources */,
				9FA5D86E1AABB95100318DF8 /* vid.png in Resources */,
				9FD14DC81AA55D1000D09051 /* Browser-ErrorLoading.png in Resources */,
				9FAFA7981A9FBF5F00F7396B /* movie-1.png in Resources */,
				9F8B65811AA3CBAA0062A3F1 /* left37.png in Resources */,
				9FA5D8681AABB90C00318DF8 /* icon_video@2x.png in Resources */,
				9FA5D86A1AABB91800318DF8 /* icon_video.png in Resources */,
				9F8B65851AA3CBFF0062A3F1 /* 1420512718_audio-video-outline-stop-128.png in Resources */,
				9F8B65891AA3CC180062A3F1 /* list31.png in Resources */,
				9F8B657B1AA3CB780062A3F1 /* arrow506.png in Resources */,
				9FAFA74E1A98884A00F7396B /* Main.storyboard in Resources */,
				9FAFA7531A98884A00F7396B /* LaunchScreen.xib in Resources */,
				9F8B65871AA3CC060062A3F1 /* 1420512706_audio-video-outline-play-128.png in Resources */,
				9FAFA7501A98884A00F7396B /* Images.xcassets in Resources */,
				9FA5D86C1AABB94400318DF8 /* movie-noPlay-blank.png in Resources */,
				9F8B657D1AA3CB820062A3F1 /* arrow191.png in Resources */,
			);
			runOnlyForDeploymentPostprocessing = 0;
		};
		9FAFA7561A98884A00F7396B /* Resources */ = {
			isa = PBXResourcesBuildPhase;
			buildActionMask = 2147483647;
			files = (
			);
			runOnlyForDeploymentPostprocessing = 0;
		};
/* End PBXResourcesBuildPhase section */

/* Begin PBXSourcesBuildPhase section */
		9FAFA7381A98884A00F7396B /* Sources */ = {
			isa = PBXSourcesBuildPhase;
			buildActionMask = 2147483647;
			files = (
				9FAFA7821A9D2BC700F7396B /* VideoController.m in Sources */,
				9FAFA77C1A99846400F7396B /* MergeVideoViewController.m in Sources */,
				9FAFA7761A99844C00F7396B /* PlayVideoViewController.m in Sources */,
				9FAFA7961A9FB45900F7396B /* TakeCell.m in Sources */,
				9FAFA78C1A9EB5FD00F7396B /* Scene.m in Sources */,
				9FAFA77F1A9C170A00F7396B /* Take.m in Sources */,
				9FAFA7901A9EBBB300F7396B /* VideoLibrary.m in Sources */,
				9F0020BA1AA6BFD60018592C /* VideoMerger.m in Sources */,
				9FAFA7451A98884A00F7396B /* AppDelegate.m in Sources */,
				9F46489B1AA5179900F305AA /* SceneCollectionResuableView.m in Sources */,
				9FAFA7891A9EA60000F7396B /* RootViewController.m in Sources */,
				9FAFA7421A98884A00F7396B /* main.m in Sources */,
				9FAFA7791A99845A00F7396B /* RecordVideoViewController.m in Sources */,
			);
			runOnlyForDeploymentPostprocessing = 0;
		};
		9FAFA7541A98884A00F7396B /* Sources */ = {
			isa = PBXSourcesBuildPhase;
			buildActionMask = 2147483647;
			files = (
				9FAFA75F1A98884A00F7396B /* movieConcatenatorTests.m in Sources */,
			);
			runOnlyForDeploymentPostprocessing = 0;
		};
/* End PBXSourcesBuildPhase section */

/* Begin PBXTargetDependency section */
		9FAFA75A1A98884A00F7396B /* PBXTargetDependency */ = {
			isa = PBXTargetDependency;
			target = 9FAFA73B1A98884A00F7396B /* movieConcatenator */;
			targetProxy = 9FAFA7591A98884A00F7396B /* PBXContainerItemProxy */;
		};
/* End PBXTargetDependency section */

/* Begin PBXVariantGroup section */
		9FAFA74C1A98884A00F7396B /* Main.storyboard */ = {
			isa = PBXVariantGroup;
			children = (
				9FAFA74D1A98884A00F7396B /* Base */,
			);
			name = Main.storyboard;
			path = movieConcatenator;
			sourceTree = "<group>";
		};
		9FAFA7511A98884A00F7396B /* LaunchScreen.xib */ = {
			isa = PBXVariantGroup;
			children = (
				9FAFA7521A98884A00F7396B /* Base */,
			);
			name = LaunchScreen.xib;
			sourceTree = "<group>";
		};
/* End PBXVariantGroup section */

/* Begin XCBuildConfiguration section */
		9FAFA7601A98884A00F7396B /* Debug */ = {
			isa = XCBuildConfiguration;
			buildSettings = {
				ALWAYS_SEARCH_USER_PATHS = NO;
				CLANG_CXX_LANGUAGE_STANDARD = "gnu++0x";
				CLANG_CXX_LIBRARY = "libc++";
				CLANG_ENABLE_MODULES = YES;
				CLANG_ENABLE_OBJC_ARC = YES;
				CLANG_WARN_BOOL_CONVERSION = YES;
				CLANG_WARN_CONSTANT_CONVERSION = YES;
				CLANG_WARN_DIRECT_OBJC_ISA_USAGE = YES_ERROR;
				CLANG_WARN_EMPTY_BODY = YES;
				CLANG_WARN_ENUM_CONVERSION = YES;
				CLANG_WARN_INT_CONVERSION = YES;
				CLANG_WARN_OBJC_ROOT_CLASS = YES_ERROR;
				CLANG_WARN_UNREACHABLE_CODE = YES;
				CLANG_WARN__DUPLICATE_METHOD_MATCH = YES;
				"CODE_SIGN_IDENTITY[sdk=iphoneos*]" = "iPhone Developer";
				COPY_PHASE_STRIP = NO;
				ENABLE_STRICT_OBJC_MSGSEND = YES;
				GCC_C_LANGUAGE_STANDARD = gnu99;
				GCC_DYNAMIC_NO_PIC = NO;
				GCC_OPTIMIZATION_LEVEL = 0;
				GCC_PREPROCESSOR_DEFINITIONS = (
					"DEBUG=1",
					"$(inherited)",
				);
				GCC_SYMBOLS_PRIVATE_EXTERN = NO;
				GCC_WARN_64_TO_32_BIT_CONVERSION = YES;
				GCC_WARN_ABOUT_RETURN_TYPE = YES_ERROR;
				GCC_WARN_UNDECLARED_SELECTOR = YES;
				GCC_WARN_UNINITIALIZED_AUTOS = YES_AGGRESSIVE;
				GCC_WARN_UNUSED_FUNCTION = YES;
				GCC_WARN_UNUSED_VARIABLE = YES;
				IPHONEOS_DEPLOYMENT_TARGET = 8.1;
				MTL_ENABLE_DEBUG_INFO = YES;
				ONLY_ACTIVE_ARCH = YES;
				SDKROOT = iphoneos;
			};
			name = Debug;
		};
		9FAFA7611A98884A00F7396B /* Release */ = {
			isa = XCBuildConfiguration;
			buildSettings = {
				ALWAYS_SEARCH_USER_PATHS = NO;
				CLANG_CXX_LANGUAGE_STANDARD = "gnu++0x";
				CLANG_CXX_LIBRARY = "libc++";
				CLANG_ENABLE_MODULES = YES;
				CLANG_ENABLE_OBJC_ARC = YES;
				CLANG_WARN_BOOL_CONVERSION = YES;
				CLANG_WARN_CONSTANT_CONVERSION = YES;
				CLANG_WARN_DIRECT_OBJC_ISA_USAGE = YES_ERROR;
				CLANG_WARN_EMPTY_BODY = YES;
				CLANG_WARN_ENUM_CONVERSION = YES;
				CLANG_WARN_INT_CONVERSION = YES;
				CLANG_WARN_OBJC_ROOT_CLASS = YES_ERROR;
				CLANG_WARN_UNREACHABLE_CODE = YES;
				CLANG_WARN__DUPLICATE_METHOD_MATCH = YES;
				"CODE_SIGN_IDENTITY[sdk=iphoneos*]" = "iPhone Developer";
				COPY_PHASE_STRIP = YES;
				ENABLE_NS_ASSERTIONS = NO;
				ENABLE_STRICT_OBJC_MSGSEND = YES;
				GCC_C_LANGUAGE_STANDARD = gnu99;
				GCC_WARN_64_TO_32_BIT_CONVERSION = YES;
				GCC_WARN_ABOUT_RETURN_TYPE = YES_ERROR;
				GCC_WARN_UNDECLARED_SELECTOR = YES;
				GCC_WARN_UNINITIALIZED_AUTOS = YES_AGGRESSIVE;
				GCC_WARN_UNUSED_FUNCTION = YES;
				GCC_WARN_UNUSED_VARIABLE = YES;
				IPHONEOS_DEPLOYMENT_TARGET = 8.1;
				MTL_ENABLE_DEBUG_INFO = NO;
				SDKROOT = iphoneos;
				VALIDATE_PRODUCT = YES;
			};
			name = Release;
		};
		9FAFA7631A98884A00F7396B /* Debug */ = {
			isa = XCBuildConfiguration;
			buildSettings = {
				ASSETCATALOG_COMPILER_APPICON_NAME = AppIcon;
				CODE_SIGN_IDENTITY = "iPhone Developer";
				"CODE_SIGN_IDENTITY[sdk=iphoneos*]" = "iPhone Developer";
				INFOPLIST_FILE = movieConcatenator/Info.plist;
				LD_RUNPATH_SEARCH_PATHS = "$(inherited) @executable_path/Frameworks";
				PRODUCT_NAME = "$(TARGET_NAME)";
				PROVISIONING_PROFILE = "";
			};
			name = Debug;
		};
		9FAFA7641A98884A00F7396B /* Release */ = {
			isa = XCBuildConfiguration;
			buildSettings = {
				ASSETCATALOG_COMPILER_APPICON_NAME = AppIcon;
				CODE_SIGN_IDENTITY = "iPhone Developer";
				"CODE_SIGN_IDENTITY[sdk=iphoneos*]" = "iPhone Developer";
				INFOPLIST_FILE = movieConcatenator/Info.plist;
				LD_RUNPATH_SEARCH_PATHS = "$(inherited) @executable_path/Frameworks";
				PRODUCT_NAME = "$(TARGET_NAME)";
				PROVISIONING_PROFILE = "";
			};
			name = Release;
		};
		9FAFA7661A98884A00F7396B /* Debug */ = {
			isa = XCBuildConfiguration;
			buildSettings = {
				BUNDLE_LOADER = "$(TEST_HOST)";
				FRAMEWORK_SEARCH_PATHS = (
					"$(SDKROOT)/Developer/Library/Frameworks",
					"$(inherited)",
				);
				GCC_PREPROCESSOR_DEFINITIONS = (
					"DEBUG=1",
					"$(inherited)",
				);
				INFOPLIST_FILE = movieConcatenatorTests/Info.plist;
				LD_RUNPATH_SEARCH_PATHS = "$(inherited) @executable_path/Frameworks @loader_path/Frameworks";
				PRODUCT_NAME = "$(TARGET_NAME)";
				TEST_HOST = "$(BUILT_PRODUCTS_DIR)/movieConcatenator.app/movieConcatenator";
			};
			name = Debug;
		};
		9FAFA7671A98884A00F7396B /* Release */ = {
			isa = XCBuildConfiguration;
			buildSettings = {
				BUNDLE_LOADER = "$(TEST_HOST)";
				FRAMEWORK_SEARCH_PATHS = (
					"$(SDKROOT)/Developer/Library/Frameworks",
					"$(inherited)",
				);
				INFOPLIST_FILE = movieConcatenatorTests/Info.plist;
				LD_RUNPATH_SEARCH_PATHS = "$(inherited) @executable_path/Frameworks @loader_path/Frameworks";
				PRODUCT_NAME = "$(TARGET_NAME)";
				TEST_HOST = "$(BUILT_PRODUCTS_DIR)/movieConcatenator.app/movieConcatenator";
			};
			name = Release;
		};
/* End XCBuildConfiguration section */

/* Begin XCConfigurationList section */
		9FAFA7371A98884A00F7396B /* Build configuration list for PBXProject "movieConcatenator" */ = {
			isa = XCConfigurationList;
			buildConfigurations = (
				9FAFA7601A98884A00F7396B /* Debug */,
				9FAFA7611A98884A00F7396B /* Release */,
			);
			defaultConfigurationIsVisible = 0;
			defaultConfigurationName = Release;
		};
		9FAFA7621A98884A00F7396B /* Build configuration list for PBXNativeTarget "movieConcatenator" */ = {
			isa = XCConfigurationList;
			buildConfigurations = (
				9FAFA7631A98884A00F7396B /* Debug */,
				9FAFA7641A98884A00F7396B /* Release */,
			);
			defaultConfigurationIsVisible = 0;
			defaultConfigurationName = Release;
		};
		9FAFA7651A98884A00F7396B /* Build configuration list for PBXNativeTarget "movieConcatenatorTests" */ = {
			isa = XCConfigurationList;
			buildConfigurations = (
				9FAFA7661A98884A00F7396B /* Debug */,
				9FAFA7671A98884A00F7396B /* Release */,
			);
			defaultConfigurationIsVisible = 0;
			defaultConfigurationName = Release;
		};
/* End XCConfigurationList section */
	};
	rootObject = 9FAFA7341A98884A00F7396B /* Project object */;
}
